{
  "name": "web-worker",
  "version": "1.0.0",
  "lockfileVersion": 1,
  "requires": true,
  "dependencies": {
    "@builder.io/partytown": {
      "version": "0.7.1",
      "resolved": "http://npm-registry.gdn-app.com/@builder.io%2fpartytown/-/partytown-0.7.1.tgz",
      "integrity": "sha512-hvu2gG9NDtCa5aoL4JkvDe3E5SegXlHAkhtA+Az96uTtFA0PYuEPjDYGiayGTkZuRKUmxetebWjIFgSDNdlBOw=="
    }
  }
}
